
Microsoft Visual Studio Solution File, Format Version 12.00
# Visual Studio Version 16
VisualStudioVersion = 25.0.1705.0
MinimumVisualStudioVersion = 10.0.40219.1
Project("{FAE04EC0-301F-11D3-BF4B-00C04F79EFBC}") = "Generic", "Generic\Generic.csproj", "{04537FCC-E276-4F6E-853F-8872FF20C26D}"
EndProject
Project("{FAE04EC0-301F-11D3-BF4B-00C04F79EFBC}") = "Assist", "Assist\Assist.csproj", "{43149299-7925-467F-846A-833C3FEE2149}"
EndProject
Project("{FAE04EC0-301F-11D3-BF4B-00C04F79EFBC}") = "User", "User\User.csproj", "{22D0C948-526E-48E2-9678-307A4CB98350}"
EndProject
Project("{FAE04EC0-301F-11D3-BF4B-00C04F79EFBC}") = "Common", "Common\Common.csproj", "{DF53599F-6A67-4793-B9B4-C89AA781F441}"
EndProject
Global
	GlobalSection(SolutionConfigurationPlatforms) = preSolution
		Debug|Any CPU = Debug|Any CPU
		Release|Any CPU = Release|Any CPU
	EndGlobalSection
	GlobalSection(ProjectConfigurationPlatforms) = postSolution
		{04537FCC-E276-4F6E-853F-8872FF20C26D}.Debug|Any CPU.ActiveCfg = Debug|Any CPU
		{04537FCC-E276-4F6E-853F-8872FF20C26D}.Debug|Any CPU.Build.0 = Debug|Any CPU
		{04537FCC-E276-4F6E-853F-8872FF20C26D}.Release|Any CPU.ActiveCfg = Release|Any CPU
		{04537FCC-E276-4F6E-853F-8872FF20C26D}.Release|Any CPU.Build.0 = Release|Any CPU
		{43149299-7925-467F-846A-833C3FEE2149}.Debug|Any CPU.ActiveCfg = Debug|Any CPU
		{43149299-7925-467F-846A-833C3FEE2149}.Debug|Any CPU.Build.0 = Debug|Any CPU
		{43149299-7925-467F-846A-833C3FEE2149}.Release|Any CPU.ActiveCfg = Release|Any CPU
		{43149299-7925-467F-846A-833C3FEE2149}.Release|Any CPU.Build.0 = Release|Any CPU
		{22D0C948-526E-48E2-9678-307A4CB98350}.Debug|Any CPU.ActiveCfg = Debug|Any CPU
		{22D0C948-526E-48E2-9678-307A4CB98350}.Debug|Any CPU.Build.0 = Debug|Any CPU
		{22D0C948-526E-48E2-9678-307A4CB98350}.Release|Any CPU.ActiveCfg = Release|Any CPU
		{22D0C948-526E-48E2-9678-307A4CB98350}.Release|Any CPU.Build.0 = Release|Any CPU
		{DF53599F-6A67-4793-B9B4-C89AA781F441}.Debug|Any CPU.ActiveCfg = Debug|Any CPU
		{DF53599F-6A67-4793-B9B4-C89AA781F441}.Debug|Any CPU.Build.0 = Debug|Any CPU
		{DF53599F-6A67-4793-B9B4-C89AA781F441}.Release|Any CPU.ActiveCfg = Release|Any CPU
		{DF53599F-6A67-4793-B9B4-C89AA781F441}.Release|Any CPU.Build.0 = Release|Any CPU
	EndGlobalSection
	GlobalSection(SolutionProperties) = preSolution
		HideSolutionNode = FALSE
	EndGlobalSection
	GlobalSection(ExtensibilityGlobals) = postSolution
		SolutionGuid = {BD44C64B-E89F-45DF-AF42-3589C804CDA1}
	EndGlobalSection
EndGlobal
